// !$*UTF8*$!
{
	archiveVersion = 1;
	classes = {
	};
	objectVersion = 46;
	objects = {

/* Begin PBXBuildFile section */
		D0398C641BDB84F300107F8A /* AppDelegate.m in Sources */ = {isa = PBXBuildFile; fileRef = D0398C631BDB84F300107F8A /* AppDelegate.m */; };
		D0398C661BDB84F300107F8A /* main.m in Sources */ = {isa = PBXBuildFile; fileRef = D0398C651BDB84F300107F8A /* main.m */; };
		D0398C691BDB84F300107F8A /* ViewController.m in Sources */ = {isa = PBXBuildFile; fileRef = D0398C681BDB84F300107F8A /* ViewController.m */; };
		D0398C6B1BDB84F300107F8A /* Images.xcassets in Resources */ = {isa = PBXBuildFile; fileRef = D0398C6A1BDB84F300107F8A /* Images.xcassets */; };
		D0398C6E1BDB84F300107F8A /* Main.storyboard in Resources */ = {isa = PBXBuildFile; fileRef = D0398C6C1BDB84F300107F8A /* Main.storyboard */; };
		D0398C7A1BDB84F300107F8A /* fgcdfgdTests.m in Sources */ = {isa = PBXBuildFile; fileRef = D0398C791BDB84F300107F8A /* fgcdfgdTests.m */; };
		D0398C851BDB851100107F8A /* PYDataStore.m in Sources */ = {isa = PBXBuildFile; fileRef = D0398C841BDB851100107F8A /* PYDataStore.m */; };
/* End PBXBuildFile section */

/* Begin PBXContainerItemProxy section */
		D0398C741BDB84F300107F8A /* PBXContainerItemProxy */ = {
			isa = PBXContainerItemProxy;
			containerPortal = D0398C551BDB84F300107F8A /* Project object */;
			proxyType = 1;
			remoteGlobalIDString = D0398C5C1BDB84F300107F8A;
			remoteInfo = fgcdfgd;
		};
/* End PBXContainerItemProxy section */

/* Begin PBXFileReference section */
		D0398C5D1BDB84F300107F8A /* fgcdfgd.app */ = {isa = PBXFileReference; explicitFileType = wrapper.application; includeInIndex = 0; path = fgcdfgd.app; sourceTree = BUILT_PRODUCTS_DIR; };
		D0398C611BDB84F300107F8A /* Info.plist */ = {isa = PBXFileReference; lastKnownFileType = text.plist.xml; path = Info.plist; sourceTree = "<group>"; };
		D0398C621BDB84F300107F8A /* AppDelegate.h */ = {isa = PBXFileReference; lastKnownFileType = sourcecode.c.h; path = AppDelegate.h; sourceTree = "<group>"; };
		D0398C631BDB84F300107F8A /* AppDelegate.m */ = {isa = PBXFileReference; lastKnownFileType = sourcecode.c.objc; path = AppDelegate.m; sourceTree = "<group>"; };
		D0398C651BDB84F300107F8A /* main.m */ = {isa = PBXFileReference; lastKnownFileType = sourcecode.c.objc; path = main.m; sourceTree = "<group>"; };
		D0398C671BDB84F300107F8A /* ViewController.h */ = {isa = PBXFileReference; lastKnownFileType = sourcecode.c.h; path = ViewController.h; sourceTree = "<group>"; };
		D0398C681BDB84F300107F8A /* ViewController.m */ = {isa = PBXFileReference; lastKnownFileType = sourcecode.c.objc; path = ViewController.m; sourceTree = "<group>"; };
		D0398C6A1BDB84F300107F8A /* Images.xcassets */ = {isa = PBXFileReference; lastKnownFileType = folder.assetcatalog; path = Images.xcassets; sourceTree = "<group>"; };
		D0398C6D1BDB84F300107F8A /* Base */ = {isa = PBXFileReference; lastKnownFileType = file.storyboard; name = Base; path = Base.lproj/Main.storyboard; sourceTree = "<group>"; };
		D0398C731BDB84F300107F8A /* fgcdfgdTests.xctest */ = {isa = PBXFileReference; explicitFileType = wrapper.cfbundle; includeInIndex = 0; path = fgcdfgdTests.xctest; sourceTree = BUILT_PRODUCTS_DIR; };
		D0398C781BDB84F300107F8A /* Info.plist */ = {isa = PBXFileReference; lastKnownFileType = text.plist.xml; path = Info.plist; sourceTree = "<group>"; };
		D0398C791BDB84F300107F8A /* fgcdfgdTests.m */ = {isa = PBXFileReference; lastKnownFileType = sourcecode.c.objc; path = fgcdfgdTests.m; sourceTree = "<group>"; };
		D0398C831BDB851100107F8A /* PYDataStore.h */ = {isa = PBXFileReference; fileEncoding = 4; lastKnownFileType = sourcecode.c.h; path = PYDataStore.h; sourceTree = "<group>"; };
		D0398C841BDB851100107F8A /* PYDataStore.m */ = {isa = PBXFileReference; fileEncoding = 4; lastKnownFileType = sourcecode.c.objc; path = PYDataStore.m; sourceTree = "<group>"; };
/* End PBXFileReference section */

/* Begin PBXFrameworksBuildPhase section */
		D0398C5A1BDB84F300107F8A /* Frameworks */ = {
			isa = PBXFrameworksBuildPhase;
			buildActionMask = 2147483647;
			files = (
			);
			runOnlyForDeploymentPostprocessing = 0;
		};
		D0398C701BDB84F300107F8A /* Frameworks */ = {
			isa = PBXFrameworksBuildPhase;
			buildActionMask = 2147483647;
			files = (
			);
			runOnlyForDeploymentPostprocessing = 0;
		};
/* End PBXFrameworksBuildPhase section */

/* Begin PBXGroup section */
		D0398C541BDB84F300107F8A = {
			isa = PBXGroup;
			children = (
				D0398C5F1BDB84F300107F8A /* fgcdfgd */,
				D0398C761BDB84F300107F8A /* fgcdfgdTests */,
				D0398C5E1BDB84F300107F8A /* Products */,
			);
			sourceTree = "<group>";
		};
		D0398C5E1BDB84F300107F8A /* Products */ = {
			isa = PBXGroup;
			children = (
				D0398C5D1BDB84F300107F8A /* fgcdfgd.app */,
				D0398C731BDB84F300107F8A /* fgcdfgdTests.xctest */,
			);
			name = Products;
			sourceTree = "<group>";
		};
		D0398C5F1BDB84F300107F8A /* fgcdfgd */ = {
			isa = PBXGroup;
			children = (
				D0398C831BDB851100107F8A /* PYDataStore.h */,
				D0398C841BDB851100107F8A /* PYDataStore.m */,
				D0398C621BDB84F300107F8A /* AppDelegate.h */,
				D0398C631BDB84F300107F8A /* AppDelegate.m */,
				D0398C671BDB84F300107F8A /* ViewController.h */,
				D0398C681BDB84F300107F8A /* ViewController.m */,
				D0398C6A1BDB84F300107F8A /* Images.xcassets */,
				D0398C6C1BDB84F300107F8A /* Main.storyboard */,
				D0398C601BDB84F300107F8A /* Supporting Files */,
			);
			path = fgcdfgd;
			sourceTree = "<group>";
		};
		D0398C601BDB84F300107F8A /* Supporting Files */ = {
			isa = PBXGroup;
			children = (
				D0398C611BDB84F300107F8A /* Info.plist */,
				D0398C651BDB84F300107F8A /* main.m */,
			);
			name = "Supporting Files";
			sourceTree = "<group>";
		};
		D0398C761BDB84F300107F8A /* fgcdfgdTests */ = {
			isa = PBXGroup;
			children = (
				D0398C791BDB84F300107F8A /* fgcdfgdTests.m */,
				D0398C771BDB84F300107F8A /* Supporting Files */,
			);
			path = fgcdfgdTests;
			sourceTree = "<group>";
		};
		D0398C771BDB84F300107F8A /* Supporting Files */ = {
			isa = PBXGroup;
			children = (
				D0398C781BDB84F300107F8A /* Info.plist */,
			);
			name = "Supporting Files";
			sourceTree = "<group>";
		};
/* End PBXGroup section */

/* Begin PBXNativeTarget section */
		D0398C5C1BDB84F300107F8A /* fgcdfgd */ = {
			isa = PBXNativeTarget;
			buildConfigurationList = D0398C7D1BDB84F300107F8A /* Build configuration list for PBXNativeTarget "fgcdfgd" */;
			buildPhases = (
				D0398C591BDB84F300107F8A /* Sources */,
				D0398C5A1BDB84F300107F8A /* Frameworks */,
				D0398C5B1BDB84F300107F8A /* Resources */,
			);
			buildRules = (
			);
			dependencies = (
			);
			name = fgcdfgd;
			productName = fgcdfgd;
			productReference = D0398C5D1BDB84F300107F8A /* fgcdfgd.app */;
			productType = "com.apple.product-type.application";
		};
		D0398C721BDB84F300107F8A /* fgcdfgdTests */ = {
			isa = PBXNativeTarget;
			buildConfigurationList = D0398C801BDB84F300107F8A /* Build configuration list for PBXNativeTarget "fgcdfgdTests" */;
			buildPhases = (
				D0398C6F1BDB84F300107F8A /* Sources */,
				D0398C701BDB84F300107F8A /* Frameworks */,
				D0398C711BDB84F300107F8A /* Resources */,
			);
			buildRules = (
			);
			dependencies = (
				D0398C751BDB84F300107F8A /* PBXTargetDependency */,
			);
			name = fgcdfgdTests;
			productName = fgcdfgdTests;
			productReference = D0398C731BDB84F300107F8A /* fgcdfgdTests.xctest */;
			productType = "com.apple.product-type.bundle.unit-test";
		};
/* End PBXNativeTarget section */

/* Begin PBXProject section */
		D0398C551BDB84F300107F8A /* Project object */ = {
			isa = PBXProject;
			attributes = {
				LastUpgradeCheck = 0620;
				ORGANIZATIONNAME = fpmi;
				TargetAttributes = {
					D0398C5C1BDB84F300107F8A = {
						CreatedOnToolsVersion = 6.2;
					};
					D0398C721BDB84F300107F8A = {
						CreatedOnToolsVersion = 6.2;
						TestTargetID = D0398C5C1BDB84F300107F8A;
					};
				};
			};
			buildConfigurationList = D0398C581BDB84F300107F8A /* Build configuration list for PBXProject "fgcdfgd" */;
			compatibilityVersion = "Xcode 3.2";
			developmentRegion = English;
			hasScannedForEncodings = 0;
			knownRegions = (
				en,
				Base,
			);
			mainGroup = D0398C541BDB84F300107F8A;
			productRefGroup = D0398C5E1BDB84F300107F8A /* Products */;
			projectDirPath = "";
			projectRoot = "";
			targets = (
				D0398C5C1BDB84F300107F8A /* fgcdfgd */,
				D0398C721BDB84F300107F8A /* fgcdfgdTests */,
			);
		};
/* End PBXProject section */

/* Begin PBXResourcesBuildPhase section */
		D0398C5B1BDB84F300107F8A /* Resources */ = {
			isa = PBXResourcesBuildPhase;
			buildActionMask = 2147483647;
			files = (
				D0398C6B1BDB84F300107F8A /* Images.xcassets in Resources */,
				D0398C6E1BDB84F300107F8A /* Main.storyboard in Resources */,
			);
			runOnlyForDeploymentPostprocessing = 0;
		};
		D0398C711BDB84F300107F8A /* Resources */ = {
			isa = PBXResourcesBuildPhase;
			buildActionMask = 2147483647;
			files = (
			);
			runOnlyForDeploymentPostprocessing = 0;
		};
/* End PBXResourcesBuildPhase section */

/* Begin PBXSourcesBuildPhase section */
		D0398C591BDB84F300107F8A /* Sources */ = {
			isa = PBXSourcesBuildPhase;
			buildActionMask = 2147483647;
			files = (
				D0398C851BDB851100107F8A /* PYDataStore.m in Sources */,
				D0398C691BDB84F300107F8A /* ViewController.m in Sources */,
				D0398C661BDB84F300107F8A /* main.m in Sources */,
				D0398C641BDB84F300107F8A /* AppDelegate.m in Sources */,
			);
			runOnlyForDeploymentPostprocessing = 0;
		};
		D0398C6F1BDB84F300107F8A /* Sources */ = {
			isa = PBXSourcesBuildPhase;
			buildActionMask = 2147483647;
			files = (
				D0398C7A1BDB84F300107F8A /* fgcdfgdTests.m in Sources */,
			);
			runOnlyForDeploymentPostprocessing = 0;
		};
/* End PBXSourcesBuildPhase section */

/* Begin PBXTargetDependency section */
		D0398C751BDB84F300107F8A /* PBXTargetDependency */ = {
			isa = PBXTargetDependency;
			target = D0398C5C1BDB84F300107F8A /* fgcdfgd */;
			targetProxy = D0398C741BDB84F300107F8A /* PBXContainerItemProxy */;
		};
/* End PBXTargetDependency section */

/* Begin PBXVariantGroup section */
		D0398C6C1BDB84F300107F8A /* Main.storyboard */ = {
			isa = PBXVariantGroup;
			children = (
				D0398C6D1BDB84F300107F8A /* Base */,
			);
			name = Main.storyboard;
			sourceTree = "<group>";
		};
/* End PBXVariantGroup section */

/* Begin XCBuildConfiguration section */
		D0398C7B1BDB84F300107F8A /* Debug */ = {
			isa = XCBuildConfiguration;
			buildSettings = {
				ALWAYS_SEARCH_USER_PATHS = NO;
				CLANG_CXX_LANGUAGE_STANDARD = "gnu++0x";
				CLANG_CXX_LIBRARY = "libc++";
				CLANG_ENABLE_MODULES = YES;
				CLANG_ENABLE_OBJC_ARC = YES;
				CLANG_WARN_BOOL_CONVERSION = YES;
				CLANG_WARN_CONSTANT_CONVERSION = YES;
				CLANG_WARN_DIRECT_OBJC_ISA_USAGE = YES_ERROR;
				CLANG_WARN_EMPTY_BODY = YES;
				CLANG_WARN_ENUM_CONVERSION = YES;
				CLANG_WARN_INT_CONVERSION = YES;
				CLANG_WARN_OBJC_ROOT_CLASS = YES_ERROR;
				CLANG_WARN_UNREACHABLE_CODE = YES;
				CLANG_WARN__DUPLICATE_METHOD_MATCH = YES;
				CODE_SIGN_IDENTITY = "-";
				COPY_PHASE_STRIP = NO;
				ENABLE_STRICT_OBJC_MSGSEND = YES;
				GCC_C_LANGUAGE_STANDARD = gnu99;
				GCC_DYNAMIC_NO_PIC = NO;
				GCC_OPTIMIZATION_LEVEL = 0;
				GCC_PREPROCESSOR_DEFINITIONS = (
					"DEBUG=1",
					"$(inherited)",
				);
				GCC_SYMBOLS_PRIVATE_EXTERN = NO;
				GCC_WARN_64_TO_32_BIT_CONVERSION = YES;
				GCC_WARN_ABOUT_RETURN_TYPE = YES_ERROR;
				GCC_WARN_UNDECLARED_SELECTOR = YES;
				GCC_WARN_UNINITIALIZED_AUTOS = YES_AGGRESSIVE;
				GCC_WARN_UNUSED_FUNCTION = YES;
				GCC_WARN_UNUSED_VARIABLE = YES;
				MACOSX_DEPLOYMENT_TARGET = 10.10;
				MTL_ENABLE_DEBUG_INFO = YES;
				ONLY_ACTIVE_ARCH = YES;
				SDKROOT = macosx;
			};
			name = Debug;
		};
		D0398C7C1BDB84F300107F8A /* Release */ = {
			isa = XCBuildConfiguration;
			buildSettings = {
				ALWAYS_SEARCH_USER_PATHS = NO;
				CLANG_CXX_LANGUAGE_STANDARD = "gnu++0x";
				CLANG_CXX_LIBRARY = "libc++";
				CLANG_ENABLE_MODULES = YES;
				CLANG_ENABLE_OBJC_ARC = YES;
				CLANG_WARN_BOOL_CONVERSION = YES;
				CLANG_WARN_CONSTANT_CONVERSION = YES;
				CLANG_WARN_DIRECT_OBJC_ISA_USAGE = YES_ERROR;
				CLANG_WARN_EMPTY_BODY = YES;
				CLANG_WARN_ENUM_CONVERSION = YES;
				CLANG_WARN_INT_CONVERSION = YES;
				CLANG_WARN_OBJC_ROOT_CLASS = YES_ERROR;
				CLANG_WARN_UNREACHABLE_CODE = YES;
				CLANG_WARN__DUPLICATE_METHOD_MATCH = YES;
				CODE_SIGN_IDENTITY = "-";
				COPY_PHASE_STRIP = NO;
				DEBUG_INFORMATION_FORMAT = "dwarf-with-dsym";
				ENABLE_NS_ASSERTIONS = NO;
				ENABLE_STRICT_OBJC_MSGSEND = YES;
				GCC_C_LANGUAGE_STANDARD = gnu99;
				GCC_WARN_64_TO_32_BIT_CONVERSION = YES;
				GCC_WARN_ABOUT_RETURN_TYPE = YES_ERROR;
				GCC_WARN_UNDECLARED_SELECTOR = YES;
				GCC_WARN_UNINITIALIZED_AUTOS = YES_AGGRESSIVE;
				GCC_WARN_UNUSED_FUNCTION = YES;
				GCC_WARN_UNUSED_VARIABLE = YES;
				MACOSX_DEPLOYMENT_TARGET = 10.10;
				MTL_ENABLE_DEBUG_INFO = NO;
				SDKROOT = macosx;
			};
			name = Release;
		};
		D0398C7E1BDB84F300107F8A /* Debug */ = {
			isa = XCBuildConfiguration;
			buildSettings = {
				ASSETCATALOG_COMPILER_APPICON_NAME = AppIcon;
				COMBINE_HIDPI_IMAGES = YES;
				INFOPLIST_FILE = fgcdfgd/Info.plist;
				LD_RUNPATH_SEARCH_PATHS = "$(inherited) @executable_path/../Frameworks";
				PRODUCT_NAME = "$(TARGET_NAME)";
			};
			name = Debug;
		};
		D0398C7F1BDB84F300107F8A /* Release */ = {
			isa = XCBuildConfiguration;
			buildSettings = {
				ASSETCATALOG_COMPILER_APPICON_NAME = AppIcon;
				COMBINE_HIDPI_IMAGES = YES;
				INFOPLIST_FILE = fgcdfgd/Info.plist;
				LD_RUNPATH_SEARCH_PATHS = "$(inherited) @executable_path/../Frameworks";
				PRODUCT_NAME = "$(TARGET_NAME)";
			};
			name = Release;
		};
		D0398C811BDB84F300107F8A /* Debug */ = {
			isa = XCBuildConfiguration;
			buildSettings = {
				BUNDLE_LOADER = "$(TEST_HOST)";
				COMBINE_HIDPI_IMAGES = YES;
				FRAMEWORK_SEARCH_PATHS = (
					"$(DEVELOPER_FRAMEWORKS_DIR)",
					"$(inherited)",
				);
				GCC_PREPROCESSOR_DEFINITIONS = (
					"DEBUG=1",
					"$(inherited)",
				);
				INFOPLIST_FILE = fgcdfgdTests/Info.plist;
				LD_RUNPATH_SEARCH_PATHS = "$(inherited) @executable_path/../Frameworks @loader_path/../Frameworks";
				PRODUCT_NAME = "$(TARGET_NAME)";
				TEST_HOST = "$(BUILT_PRODUCTS_DIR)/fgcdfgd.app/Contents/MacOS/fgcdfgd";
			};
			name = Debug;
		};
		D0398C821BDB84F300107F8A /* Release */ = {
			isa = XCBuildConfiguration;
			buildSettings = {
				BUNDLE_LOADER = "$(TEST_HOST)";
				COMBINE_HIDPI_IMAGES = YES;
				FRAMEWORK_SEARCH_PATHS = (
					"$(DEVELOPER_FRAMEWORKS_DIR)",
					"$(inherited)",
				);
				INFOPLIST_FILE = fgcdfgdTests/Info.plist;
				LD_RUNPATH_SEARCH_PATHS = "$(inherited) @executable_path/../Frameworks @loader_path/../Frameworks";
				PRODUCT_NAME = "$(TARGET_NAME)";
				TEST_HOST = "$(BUILT_PRODUCTS_DIR)/fgcdfgd.app/Contents/MacOS/fgcdfgd";
			};
			name = Release;
		};
/* End XCBuildConfiguration section */

/* Begin XCConfigurationList section */
		D0398C581BDB84F300107F8A /* Build configuration list for PBXProject "fgcdfgd" */ = {
			isa = XCConfigurationList;
			buildConfigurations = (
				D0398C7B1BDB84F300107F8A /* Debug */,
				D0398C7C1BDB84F300107F8A /* Release */,
			);
			defaultConfigurationIsVisible = 0;
			defaultConfigurationName = Release;
		};
		D0398C7D1BDB84F300107F8A /* Build configuration list for PBXNativeTarget "fgcdfgd" */ = {
			isa = XCConfigurationList;
			buildConfigurations = (
				D0398C7E1BDB84F300107F8A /* Debug */,
				D0398C7F1BDB84F300107F8A /* Release */,
			);
			defaultConfigurationIsVisible = 0;
		};
		D0398C801BDB84F300107F8A /* Build configuration list for PBXNativeTarget "fgcdfgdTests" */ = {
			isa = XCConfigurationList;
			buildConfigurations = (
				D0398C811BDB84F300107F8A /* Debug */,
				D0398C821BDB84F300107F8A /* Release */,
			);
			defaultConfigurationIsVisible = 0;
		};
/* End XCConfigurationList section */
	};
	rootObject = D0398C551BDB84F300107F8A /* Project object */;
}
